// !$*UTF8*$!
{
	archiveVersion = 1;
	classes = {
	};
	objectVersion = 50;
	objects = {

/* Begin PBXBuildFile section */
		2EEBFFDD241F62EA00B0C74B /* Course.swift in Sources */ = {isa = PBXBuildFile; fileRef = 2EEBFFDC241F62EA00B0C74B /* Course.swift */; };
		2EEDE64624164D3000F80EF4 /* AppDelegate.swift in Sources */ = {isa = PBXBuildFile; fileRef = 2EEDE64524164D3000F80EF4 /* AppDelegate.swift */; };
		2EEDE64824164D3000F80EF4 /* CommentsViewController.swift in Sources */ = {isa = PBXBuildFile; fileRef = 2EEDE64724164D3000F80EF4 /* CommentsViewController.swift */; };
		2EEDE64B24164D3000F80EF4 /* Comments.storyboard in Resources */ = {isa = PBXBuildFile; fileRef = 2EEDE64924164D3000F80EF4 /* Comments.storyboard */; };
		2EEDE64D24164D3200F80EF4 /* Assets.xcassets in Resources */ = {isa = PBXBuildFile; fileRef = 2EEDE64C24164D3200F80EF4 /* Assets.xcassets */; };
		2EEDE65024164D3200F80EF4 /* LaunchScreen.storyboard in Resources */ = {isa = PBXBuildFile; fileRef = 2EEDE64E24164D3200F80EF4 /* LaunchScreen.storyboard */; };
		2EEDE66124164E9400F80EF4 /* StoryboardInitializable.swift in Sources */ = {isa = PBXBuildFile; fileRef = 2EEDE66024164E9400F80EF4 /* StoryboardInitializable.swift */; };
		2EEDE66324164EB600F80EF4 /* UIViewControllerStoryboard.swift in Sources */ = {isa = PBXBuildFile; fileRef = 2EEDE66224164EB600F80EF4 /* UIViewControllerStoryboard.swift */; };
		2EEDE66524164EDA00F80EF4 /* Color.swift in Sources */ = {isa = PBXBuildFile; fileRef = 2EEDE66424164EDA00F80EF4 /* Color.swift */; };
		2EEE4E602418B8AF00E70299 /* CommentCell.swift in Sources */ = {isa = PBXBuildFile; fileRef = 2EEE4E5F2418B8AF00E70299 /* CommentCell.swift */; };
		2EEE4E652418BCEC00E70299 /* NetworkService.swift in Sources */ = {isa = PBXBuildFile; fileRef = 2EEE4E642418BCEC00E70299 /* NetworkService.swift */; };
/* End PBXBuildFile section */

/* Begin PBXFileReference section */
		2EEBFFDC241F62EA00B0C74B /* Course.swift */ = {isa = PBXFileReference; lastKnownFileType = sourcecode.swift; path = Course.swift; sourceTree = "<group>"; };
		2EEDE64224164D3000F80EF4 /* API project.app */ = {isa = PBXFileReference; explicitFileType = wrapper.application; includeInIndex = 0; path = "API project.app"; sourceTree = BUILT_PRODUCTS_DIR; };
		2EEDE64524164D3000F80EF4 /* AppDelegate.swift */ = {isa = PBXFileReference; lastKnownFileType = sourcecode.swift; path = AppDelegate.swift; sourceTree = "<group>"; };
		2EEDE64724164D3000F80EF4 /* CommentsViewController.swift */ = {isa = PBXFileReference; lastKnownFileType = sourcecode.swift; path = CommentsViewController.swift; sourceTree = "<group>"; };
		2EEDE64A24164D3000F80EF4 /* Base */ = {isa = PBXFileReference; lastKnownFileType = file.storyboard; name = Base; path = Base.lproj/Comments.storyboard; sourceTree = "<group>"; };
		2EEDE64C24164D3200F80EF4 /* Assets.xcassets */ = {isa = PBXFileReference; lastKnownFileType = folder.assetcatalog; path = Assets.xcassets; sourceTree = "<group>"; };
		2EEDE64F24164D3200F80EF4 /* Base */ = {isa = PBXFileReference; lastKnownFileType = file.storyboard; name = Base; path = Base.lproj/LaunchScreen.storyboard; sourceTree = "<group>"; };
		2EEDE65124164D3200F80EF4 /* Info.plist */ = {isa = PBXFileReference; lastKnownFileType = text.plist.xml; path = Info.plist; sourceTree = "<group>"; };
		2EEDE66024164E9400F80EF4 /* StoryboardInitializable.swift */ = {isa = PBXFileReference; lastKnownFileType = sourcecode.swift; path = StoryboardInitializable.swift; sourceTree = "<group>"; };
		2EEDE66224164EB600F80EF4 /* UIViewControllerStoryboard.swift */ = {isa = PBXFileReference; lastKnownFileType = sourcecode.swift; path = UIViewControllerStoryboard.swift; sourceTree = "<group>"; };
		2EEDE66424164EDA00F80EF4 /* Color.swift */ = {isa = PBXFileReference; lastKnownFileType = sourcecode.swift; path = Color.swift; sourceTree = "<group>"; };
		2EEE4E5F2418B8AF00E70299 /* CommentCell.swift */ = {isa = PBXFileReference; lastKnownFileType = sourcecode.swift; path = CommentCell.swift; sourceTree = "<group>"; };
		2EEE4E642418BCEC00E70299 /* NetworkService.swift */ = {isa = PBXFileReference; lastKnownFileType = sourcecode.swift; path = NetworkService.swift; sourceTree = "<group>"; };
/* End PBXFileReference section */

/* Begin PBXFrameworksBuildPhase section */
		2EEDE63F24164D3000F80EF4 /* Frameworks */ = {
			isa = PBXFrameworksBuildPhase;
			buildActionMask = 2147483647;
			files = (
			);
			runOnlyForDeploymentPostprocessing = 0;
		};
/* End PBXFrameworksBuildPhase section */

/* Begin PBXGroup section */
		2EEDE63924164D3000F80EF4 = {
			isa = PBXGroup;
			children = (
				2EEDE64424164D3000F80EF4 /* API project */,
				2EEDE65724164D6500F80EF4 /* Resourses */,
				2EEDE64324164D3000F80EF4 /* Products */,
			);
			sourceTree = "<group>";
		};
		2EEDE64324164D3000F80EF4 /* Products */ = {
			isa = PBXGroup;
			children = (
				2EEDE64224164D3000F80EF4 /* API project.app */,
			);
			name = Products;
			sourceTree = "<group>";
		};
		2EEDE64424164D3000F80EF4 /* API project */ = {
			isa = PBXGroup;
			children = (
				2EEE4E632418BCA600E70299 /* NetworkService */,
				2EEDE65A24164E0300F80EF4 /* Application */,
				2EEDE65C24164E3400F80EF4 /* Extension */,
				2EEDE65D24164E4100F80EF4 /* Protocols */,
				2EEDE65E24164E4F00F80EF4 /* Modules */,
			);
			path = "API project";
			sourceTree = "<group>";
		};
		2EEDE65724164D6500F80EF4 /* Resourses */ = {
			isa = PBXGroup;
			children = (
				2EEDE65924164DA100F80EF4 /* Plist */,
				2EEDE65824164D9300F80EF4 /* Assets */,
			);
			path = Resourses;
			sourceTree = "<group>";
		};
		2EEDE65824164D9300F80EF4 /* Assets */ = {
			isa = PBXGroup;
			children = (
				2EEDE64C24164D3200F80EF4 /* Assets.xcassets */,
			);
			path = Assets;
			sourceTree = "<group>";
		};
		2EEDE65924164DA100F80EF4 /* Plist */ = {
			isa = PBXGroup;
			children = (
				2EEDE65124164D3200F80EF4 /* Info.plist */,
			);
			path = Plist;
			sourceTree = "<group>";
		};
		2EEDE65A24164E0300F80EF4 /* Application */ = {
			isa = PBXGroup;
			children = (
				2EEDE64524164D3000F80EF4 /* AppDelegate.swift */,
			);
			path = Application;
			sourceTree = "<group>";
		};
		2EEDE65C24164E3400F80EF4 /* Extension */ = {
			isa = PBXGroup;
			children = (
				2EEDE65F24164E6F00F80EF4 /* UIKit */,
			);
			path = Extension;
			sourceTree = "<group>";
		};
		2EEDE65D24164E4100F80EF4 /* Protocols */ = {
			isa = PBXGroup;
			children = (
				2EEDE66024164E9400F80EF4 /* StoryboardInitializable.swift */,
			);
			path = Protocols;
			sourceTree = "<group>";
		};
		2EEDE65E24164E4F00F80EF4 /* Modules */ = {
			isa = PBXGroup;
			children = (
				2EEDE66724164F7D00F80EF4 /* Main */,
				2EEDE66624164F6700F80EF4 /* Splash */,
			);
			path = Modules;
			sourceTree = "<group>";
		};
		2EEDE65F24164E6F00F80EF4 /* UIKit */ = {
			isa = PBXGroup;
			children = (
				2EEDE66224164EB600F80EF4 /* UIViewControllerStoryboard.swift */,
				2EEDE66424164EDA00F80EF4 /* Color.swift */,
			);
			path = UIKit;
			sourceTree = "<group>";
		};
		2EEDE66624164F6700F80EF4 /* Splash */ = {
			isa = PBXGroup;
			children = (
				2EEDE64E24164D3200F80EF4 /* LaunchScreen.storyboard */,
			);
			path = Splash;
			sourceTree = "<group>";
		};
		2EEDE66724164F7D00F80EF4 /* Main */ = {
			isa = PBXGroup;
			children = (
				2EEE4E5E2418B67200E70299 /* Model */,
				2EEE4E5D2418B66700E70299 /* Controller */,
				2EEE4E5C2418B65F00E70299 /* View */,
			);
			path = Main;
			sourceTree = "<group>";
		};
		2EEE4E5C2418B65F00E70299 /* View */ = {
			isa = PBXGroup;
			children = (
				2EEDE64924164D3000F80EF4 /* Comments.storyboard */,
				2EEE4E5F2418B8AF00E70299 /* CommentCell.swift */,
			);
			path = View;
			sourceTree = "<group>";
		};
		2EEE4E5D2418B66700E70299 /* Controller */ = {
			isa = PBXGroup;
			children = (
				2EEDE64724164D3000F80EF4 /* CommentsViewController.swift */,
			);
			path = Controller;
			sourceTree = "<group>";
		};
		2EEE4E5E2418B67200E70299 /* Model */ = {
			isa = PBXGroup;
			children = (
				2EEBFFDC241F62EA00B0C74B /* Course.swift */,
			);
			path = Model;
			sourceTree = "<group>";
		};
		2EEE4E632418BCA600E70299 /* NetworkService */ = {
			isa = PBXGroup;
			children = (
				2EEE4E642418BCEC00E70299 /* NetworkService.swift */,
			);
			path = NetworkService;
			sourceTree = "<group>";
		};
/* End PBXGroup section */

/* Begin PBXNativeTarget section */
		2EEDE64124164D3000F80EF4 /* API project */ = {
			isa = PBXNativeTarget;
			buildConfigurationList = 2EEDE65424164D3200F80EF4 /* Build configuration list for PBXNativeTarget "API project" */;
			buildPhases = (
				2EEDE63E24164D3000F80EF4 /* Sources */,
				2EEDE63F24164D3000F80EF4 /* Frameworks */,
				2EEDE64024164D3000F80EF4 /* Resources */,
			);
			buildRules = (
			);
			dependencies = (
			);
			name = "API project";
			productName = "API project";
			productReference = 2EEDE64224164D3000F80EF4 /* API project.app */;
			productType = "com.apple.product-type.application";
		};
/* End PBXNativeTarget section */

/* Begin PBXProject section */
		2EEDE63A24164D3000F80EF4 /* Project object */ = {
			isa = PBXProject;
			attributes = {
				LastSwiftUpdateCheck = 1030;
				LastUpgradeCheck = 1030;
				ORGANIZATIONNAME = "Egor Syrtcov";
				TargetAttributes = {
					2EEDE64124164D3000F80EF4 = {
						CreatedOnToolsVersion = 10.3;
					};
				};
			};
			buildConfigurationList = 2EEDE63D24164D3000F80EF4 /* Build configuration list for PBXProject "API project" */;
			compatibilityVersion = "Xcode 9.3";
			developmentRegion = en;
			hasScannedForEncodings = 0;
			knownRegions = (
				en,
				Base,
			);
			mainGroup = 2EEDE63924164D3000F80EF4;
			productRefGroup = 2EEDE64324164D3000F80EF4 /* Products */;
			projectDirPath = "";
			projectRoot = "";
			targets = (
				2EEDE64124164D3000F80EF4 /* API project */,
			);
		};
/* End PBXProject section */

/* Begin PBXResourcesBuildPhase section */
		2EEDE64024164D3000F80EF4 /* Resources */ = {
			isa = PBXResourcesBuildPhase;
			buildActionMask = 2147483647;
			files = (
				2EEDE65024164D3200F80EF4 /* LaunchScreen.storyboard in Resources */,
				2EEDE64D24164D3200F80EF4 /* Assets.xcassets in Resources */,
				2EEDE64B24164D3000F80EF4 /* Comments.storyboard in Resources */,
			);
			runOnlyForDeploymentPostprocessing = 0;
		};
/* End PBXResourcesBuildPhase section */

/* Begin PBXSourcesBuildPhase section */
		2EEDE63E24164D3000F80EF4 /* Sources */ = {
			isa = PBXSourcesBuildPhase;
			buildActionMask = 2147483647;
			files = (
				2EEBFFDD241F62EA00B0C74B /* Course.swift in Sources */,
				2EEE4E652418BCEC00E70299 /* NetworkService.swift in Sources */,
				2EEDE64824164D3000F80EF4 /* CommentsViewController.swift in Sources */,
				2EEDE64624164D3000F80EF4 /* AppDelegate.swift in Sources */,
				2EEDE66324164EB600F80EF4 /* UIViewControllerStoryboard.swift in Sources */,
				2EEDE66524164EDA00F80EF4 /* Color.swift in Sources */,
				2EEDE66124164E9400F80EF4 /* StoryboardInitializable.swift in Sources */,
				2EEE4E602418B8AF00E70299 /* CommentCell.swift in Sources */,
			);
			runOnlyForDeploymentPostprocessing = 0;
		};
/* End PBXSourcesBuildPhase section */

/* Begin PBXVariantGroup section */
		2EEDE64924164D3000F80EF4 /* Comments.storyboard */ = {
			isa = PBXVariantGroup;
			children = (
				2EEDE64A24164D3000F80EF4 /* Base */,
			);
			name = Comments.storyboard;
			sourceTree = "<group>";
		};
		2EEDE64E24164D3200F80EF4 /* LaunchScreen.storyboard */ = {
			isa = PBXVariantGroup;
			children = (
				2EEDE64F24164D3200F80EF4 /* Base */,
			);
			name = LaunchScreen.storyboard;
			sourceTree = "<group>";
		};
/* End PBXVariantGroup section */

/* Begin XCBuildConfiguration section */
		2EEDE65224164D3200F80EF4 /* Debug */ = {
			isa = XCBuildConfiguration;
			buildSettings = {
				ALWAYS_SEARCH_USER_PATHS = NO;
				CLANG_ANALYZER_NONNULL = YES;
				CLANG_ANALYZER_NUMBER_OBJECT_CONVERSION = YES_AGGRESSIVE;
				CLANG_CXX_LANGUAGE_STANDARD = "gnu++14";
				CLANG_CXX_LIBRARY = "libc++";
				CLANG_ENABLE_MODULES = YES;
				CLANG_ENABLE_OBJC_ARC = YES;
				CLANG_ENABLE_OBJC_WEAK = YES;
				CLANG_WARN_BLOCK_CAPTURE_AUTORELEASING = YES;
				CLANG_WARN_BOOL_CONVERSION = YES;
				CLANG_WARN_COMMA = YES;
				CLANG_WARN_CONSTANT_CONVERSION = YES;
				CLANG_WARN_DEPRECATED_OBJC_IMPLEMENTATIONS = YES;
				CLANG_WARN_DIRECT_OBJC_ISA_USAGE = YES_ERROR;
				CLANG_WARN_DOCUMENTATION_COMMENTS = YES;
				CLANG_WARN_EMPTY_BODY = YES;
				CLANG_WARN_ENUM_CONVERSION = YES;
				CLANG_WARN_INFINITE_RECURSION = YES;
				CLANG_WARN_INT_CONVERSION = YES;
				CLANG_WARN_NON_LITERAL_NULL_CONVERSION = YES;
				CLANG_WARN_OBJC_IMPLICIT_RETAIN_SELF = YES;
				CLANG_WARN_OBJC_LITERAL_CONVERSION = YES;
				CLANG_WARN_OBJC_ROOT_CLASS = YES_ERROR;
				CLANG_WARN_RANGE_LOOP_ANALYSIS = YES;
				CLANG_WARN_STRICT_PROTOTYPES = YES;
				CLANG_WARN_SUSPICIOUS_MOVE = YES;
				CLANG_WARN_UNGUARDED_AVAILABILITY = YES_AGGRESSIVE;
				CLANG_WARN_UNREACHABLE_CODE = YES;
				CLANG_WARN__DUPLICATE_METHOD_MATCH = YES;
				CODE_SIGN_IDENTITY = "iPhone Developer";
				COPY_PHASE_STRIP = NO;
				DEBUG_INFORMATION_FORMAT = dwarf;
				ENABLE_STRICT_OBJC_MSGSEND = YES;
				ENABLE_TESTABILITY = YES;
				GCC_C_LANGUAGE_STANDARD = gnu11;
				GCC_DYNAMIC_NO_PIC = NO;
				GCC_NO_COMMON_BLOCKS = YES;
				GCC_OPTIMIZATION_LEVEL = 0;
				GCC_PREPROCESSOR_DEFINITIONS = (
					"DEBUG=1",
					"$(inherited)",
				);
				GCC_WARN_64_TO_32_BIT_CONVERSION = YES;
				GCC_WARN_ABOUT_RETURN_TYPE = YES_ERROR;
				GCC_WARN_UNDECLARED_SELECTOR = YES;
				GCC_WARN_UNINITIALIZED_AUTOS = YES_AGGRESSIVE;
				GCC_WARN_UNUSED_FUNCTION = YES;
				GCC_WARN_UNUSED_VARIABLE = YES;
				IPHONEOS_DEPLOYMENT_TARGET = 12.4;
				MTL_ENABLE_DEBUG_INFO = INCLUDE_SOURCE;
				MTL_FAST_MATH = YES;
				ONLY_ACTIVE_ARCH = YES;
				SDKROOT = iphoneos;
				SWIFT_ACTIVE_COMPILATION_CONDITIONS = DEBUG;
				SWIFT_OPTIMIZATION_LEVEL = "-Onone";
			};
			name = Debug;
		};
		2EEDE65324164D3200F80EF4 /* Release */ = {
			isa = XCBuildConfiguration;
			buildSettings = {
				ALWAYS_SEARCH_USER_PATHS = NO;
				CLANG_ANALYZER_NONNULL = YES;
				CLANG_ANALYZER_NUMBER_OBJECT_CONVERSION = YES_AGGRESSIVE;
				CLANG_CXX_LANGUAGE_STANDARD = "gnu++14";
				CLANG_CXX_LIBRARY = "libc++";
				CLANG_ENABLE_MODULES = YES;
				CLANG_ENABLE_OBJC_ARC = YES;
				CLANG_ENABLE_OBJC_WEAK = YES;
				CLANG_WARN_BLOCK_CAPTURE_AUTORELEASING = YES;
				CLANG_WARN_BOOL_CONVERSION = YES;
				CLANG_WARN_COMMA = YES;
				CLANG_WARN_CONSTANT_CONVERSION = YES;
				CLANG_WARN_DEPRECATED_OBJC_IMPLEMENTATIONS = YES;
				CLANG_WARN_DIRECT_OBJC_ISA_USAGE = YES_ERROR;
				CLANG_WARN_DOCUMENTATION_COMMENTS = YES;
				CLANG_WARN_EMPTY_BODY = YES;
				CLANG_WARN_ENUM_CONVERSION = YES;
				CLANG_WARN_INFINITE_RECURSION = YES;
				CLANG_WARN_INT_CONVERSION = YES;
				CLANG_WARN_NON_LITERAL_NULL_CONVERSION = YES;
				CLANG_WARN_OBJC_IMPLICIT_RETAIN_SELF = YES;
				CLANG_WARN_OBJC_LITERAL_CONVERSION = YES;
				CLANG_WARN_OBJC_ROOT_CLASS = YES_ERROR;
				CLANG_WARN_RANGE_LOOP_ANALYSIS = YES;
				CLANG_WARN_STRICT_PROTOTYPES = YES;
				CLANG_WARN_SUSPICIOUS_MOVE = YES;
				CLANG_WARN_UNGUARDED_AVAILABILITY = YES_AGGRESSIVE;
				CLANG_WARN_UNREACHABLE_CODE = YES;
				CLANG_WARN__DUPLICATE_METHOD_MATCH = YES;
				CODE_SIGN_IDENTITY = "iPhone Developer";
				COPY_PHASE_STRIP = NO;
				DEBUG_INFORMATION_FORMAT = "dwarf-with-dsym";
				ENABLE_NS_ASSERTIONS = NO;
				ENABLE_STRICT_OBJC_MSGSEND = YES;
				GCC_C_LANGUAGE_STANDARD = gnu11;
				GCC_NO_COMMON_BLOCKS = YES;
				GCC_WARN_64_TO_32_BIT_CONVERSION = YES;
				GCC_WARN_ABOUT_RETURN_TYPE = YES_ERROR;
				GCC_WARN_UNDECLARED_SELECTOR = YES;
				GCC_WARN_UNINITIALIZED_AUTOS = YES_AGGRESSIVE;
				GCC_WARN_UNUSED_FUNCTION = YES;
				GCC_WARN_UNUSED_VARIABLE = YES;
				IPHONEOS_DEPLOYMENT_TARGET = 12.4;
				MTL_ENABLE_DEBUG_INFO = NO;
				MTL_FAST_MATH = YES;
				SDKROOT = iphoneos;
				SWIFT_COMPILATION_MODE = wholemodule;
				SWIFT_OPTIMIZATION_LEVEL = "-O";
				VALIDATE_PRODUCT = YES;
			};
			name = Release;
		};
		2EEDE65524164D3200F80EF4 /* Debug */ = {
			isa = XCBuildConfiguration;
			buildSettings = {
				ASSETCATALOG_COMPILER_APPICON_NAME = AppIcon;
				CODE_SIGN_STYLE = Automatic;
				DEVELOPMENT_TEAM = FFYJJ79MSE;
				INFOPLIST_FILE = "$(SRCROOT)/Resourses/Plist/Info.plist";
				LD_RUNPATH_SEARCH_PATHS = (
					"$(inherited)",
					"@executable_path/Frameworks",
				);
				PRODUCT_BUNDLE_IDENTIFIER = "sev-84.API-project";
				PRODUCT_NAME = "$(TARGET_NAME)";
				SWIFT_VERSION = 5.0;
				TARGETED_DEVICE_FAMILY = "1,2";
			};
			name = Debug;
		};
		2EEDE65624164D3200F80EF4 /* Release */ = {
			isa = XCBuildConfiguration;
			buildSettings = {
				ASSETCATALOG_COMPILER_APPICON_NAME = AppIcon;
				CODE_SIGN_STYLE = Automatic;
				DEVELOPMENT_TEAM = FFYJJ79MSE;
				INFOPLIST_FILE = "$(SRCROOT)/Resourses/Plist/Info.plist";
				LD_RUNPATH_SEARCH_PATHS = (
					"$(inherited)",
					"@executable_path/Frameworks",
				);
				PRODUCT_BUNDLE_IDENTIFIER = "sev-84.API-project";
				PRODUCT_NAME = "$(TARGET_NAME)";
				SWIFT_VERSION = 5.0;
				TARGETED_DEVICE_FAMILY = "1,2";
			};
			name = Release;
		};
/* End XCBuildConfiguration section */

/* Begin XCConfigurationList section */
		2EEDE63D24164D3000F80EF4 /* Build configuration list for PBXProject "API project" */ = {
			isa = XCConfigurationList;
			buildConfigurations = (
				2EEDE65224164D3200F80EF4 /* Debug */,
				2EEDE65324164D3200F80EF4 /* Release */,
			);
			defaultConfigurationIsVisible = 0;
			defaultConfigurationName = Release;
		};
		2EEDE65424164D3200F80EF4 /* Build configuration list for PBXNativeTarget "API project" */ = {
			isa = XCConfigurationList;
			buildConfigurations = (
				2EEDE65524164D3200F80EF4 /* Debug */,
				2EEDE65624164D3200F80EF4 /* Release */,
			);
			defaultConfigurationIsVisible = 0;
			defaultConfigurationName = Release;
		};
/* End XCConfigurationList section */
	};
	rootObject = 2EEDE63A24164D3000F80EF4 /* Project object */;
}
